
Microsoft Visual Studio Solution File, Format Version 12.00
# Visual Studio 14
VisualStudioVersion = 14.0.25420.1
MinimumVisualStudioVersion = 10.0.40219.1
Project("{F184B08F-C81C-45F6-A57F-5ABD9991F28F}") = "ProLab", "ProLab\ProLab.vbproj", "{4F0278BB-C2FD-4309-B2D4-BEBE85C90240}"
EndProject
Project("{F184B08F-C81C-45F6-A57F-5ABD9991F28F}") = "ProLab.Core", "ProLab.Core\ProLab.Core.vbproj", "{149E6741-DE46-4C74-AF5C-CC9C1758380D}"
EndProject
Project("{F184B08F-C81C-45F6-A57F-5ABD9991F28F}") = "ProLab.Data", "ProLab.Data\ProLab.Data.vbproj", "{91D5AF7C-D2A9-4A1A-B0B3-9D30BDC982C9}"
EndProject
Project("{F184B08F-C81C-45F6-A57F-5ABD9991F28F}") = "ProLab.Service", "ProLab.Service\ProLab.Service.vbproj", "{6EAE93A5-D57C-4D16-83A6-1C0FC6FC0119}"
EndProject
Global
	GlobalSection(SolutionConfigurationPlatforms) = preSolution
		Debug|Any CPU = Debug|Any CPU
		Release|Any CPU = Release|Any CPU
	EndGlobalSection
	GlobalSection(ProjectConfigurationPlatforms) = postSolution
		{4F0278BB-C2FD-4309-B2D4-BEBE85C90240}.Debug|Any CPU.ActiveCfg = Debug|Any CPU
		{4F0278BB-C2FD-4309-B2D4-BEBE85C90240}.Debug|Any CPU.Build.0 = Debug|Any CPU
		{4F0278BB-C2FD-4309-B2D4-BEBE85C90240}.Debug|Any CPU.Deploy.0 = Debug|Any CPU
		{4F0278BB-C2FD-4309-B2D4-BEBE85C90240}.Release|Any CPU.ActiveCfg = Release|Any CPU
		{4F0278BB-C2FD-4309-B2D4-BEBE85C90240}.Release|Any CPU.Build.0 = Release|Any CPU
		{149E6741-DE46-4C74-AF5C-CC9C1758380D}.Debug|Any CPU.ActiveCfg = Debug|Any CPU
		{149E6741-DE46-4C74-AF5C-CC9C1758380D}.Debug|Any CPU.Build.0 = Debug|Any CPU
		{149E6741-DE46-4C74-AF5C-CC9C1758380D}.Release|Any CPU.ActiveCfg = Release|Any CPU
		{149E6741-DE46-4C74-AF5C-CC9C1758380D}.Release|Any CPU.Build.0 = Release|Any CPU
		{91D5AF7C-D2A9-4A1A-B0B3-9D30BDC982C9}.Debug|Any CPU.ActiveCfg = Debug|Any CPU
		{91D5AF7C-D2A9-4A1A-B0B3-9D30BDC982C9}.Debug|Any CPU.Build.0 = Debug|Any CPU
		{91D5AF7C-D2A9-4A1A-B0B3-9D30BDC982C9}.Release|Any CPU.ActiveCfg = Release|Any CPU
		{91D5AF7C-D2A9-4A1A-B0B3-9D30BDC982C9}.Release|Any CPU.Build.0 = Release|Any CPU
		{6EAE93A5-D57C-4D16-83A6-1C0FC6FC0119}.Debug|Any CPU.ActiveCfg = Debug|Any CPU
		{6EAE93A5-D57C-4D16-83A6-1C0FC6FC0119}.Debug|Any CPU.Build.0 = Debug|Any CPU
		{6EAE93A5-D57C-4D16-83A6-1C0FC6FC0119}.Release|Any CPU.ActiveCfg = Release|Any CPU
		{6EAE93A5-D57C-4D16-83A6-1C0FC6FC0119}.Release|Any CPU.Build.0 = Release|Any CPU
	EndGlobalSection
	GlobalSection(SolutionProperties) = preSolution
		HideSolutionNode = FALSE
	EndGlobalSection
EndGlobal
